
Microsoft Visual Studio Solution File, Format Version 12.00
# Visual Studio Version 16
VisualStudioVersion = 16.0.29509.3
MinimumVisualStudioVersion = 10.0.40219.1
Project("{FAE04EC0-301F-11D3-BF4B-00C04F79EFBC}") = "SignalR-UserControl", "SignalR-UserControl\SignalR-UserControl.csproj", "{79984F1C-3CEF-4F91-A433-16AFA4719B47}"
EndProject
Global
	GlobalSection(SolutionConfigurationPlatforms) = preSolution
		Debug|Any CPU = Debug|Any CPU
		Release|Any CPU = Release|Any CPU
	EndGlobalSection
	GlobalSection(ProjectConfigurationPlatforms) = postSolution
		{79984F1C-3CEF-4F91-A433-16AFA4719B47}.Debug|Any CPU.ActiveCfg = Debug|Any CPU
		{79984F1C-3CEF-4F91-A433-16AFA4719B47}.Debug|Any CPU.Build.0 = Debug|Any CPU
		{79984F1C-3CEF-4F91-A433-16AFA4719B47}.Release|Any CPU.ActiveCfg = Release|Any CPU
		{79984F1C-3CEF-4F91-A433-16AFA4719B47}.Release|Any CPU.Build.0 = Release|Any CPU
	EndGlobalSection
	GlobalSection(SolutionProperties) = preSolution
		HideSolutionNode = FALSE
	EndGlobalSection
	GlobalSection(ExtensibilityGlobals) = postSolution
		SolutionGuid = {DB5C7196-2E7C-4E24-AE37-B2A896972152}
	EndGlobalSection
EndGlobal
